
Microsoft Visual Studio Solution File, Format Version 12.00
# Visual Studio Version 16
VisualStudioVersion = 16.0.32106.194
MinimumVisualStudioVersion = 10.0.40219.1
Project("{9A19103F-16F7-4668-BE54-9A1E7A4F7556}") = "MyStore", "MyStore\MyStore.csproj", "{9A8F40E2-9C5D-434B-878E-83B631A6C0B7}"
EndProject
Project("{9A19103F-16F7-4668-BE54-9A1E7A4F7556}") = "MyStore.Data", "MyStore.Data\MyStore.Data.csproj", "{4703144B-F20D-495A-AC7E-41565AFF7B79}"
EndProject
Project("{9A19103F-16F7-4668-BE54-9A1E7A4F7556}") = "MyStore.Models", "MyStore.Models\MyStore.Models.csproj", "{909EA20C-1FA7-44E2-BDEB-A6500EDC8DB2}"
EndProject
Project("{9A19103F-16F7-4668-BE54-9A1E7A4F7556}") = "MyStore.Infrastructure", "MyStore.Infrastructure\MyStore.Infrastructure.csproj", "{DBFE36B6-98E3-4A4F-BA5F-DD3CBA3DEE10}"
EndProject
Project("{9A19103F-16F7-4668-BE54-9A1E7A4F7556}") = "MyStore.Domain", "MyStore.Domain\MyStore.Domain.csproj", "{5E535815-CFE4-49E4-A111-24F201E9EE23}"
EndProject
Project("{9A19103F-16F7-4668-BE54-9A1E7A4F7556}") = "MyStore.Presentation", "MyStore.DataPresentation\MyStore.Presentation.csproj", "{C78ECAC7-A8B6-48DF-8247-AFB7DA3D4B44}"
EndProject
Project("{9A19103F-16F7-4668-BE54-9A1E7A4F7556}") = "MyStore.Tests", "MyStore.Tests\MyStore.Tests.csproj", "{FD2C9422-5A6B-4CF0-8D73-92B7521EEFA2}"
EndProject
Project("{9A19103F-16F7-4668-BE54-9A1E7A4F7556}") = "MyStore.Services", "MyStore.Services\MyStore.Services.csproj", "{D55597EE-9A69-4664-93A5-32454262ADC3}"
EndProject
Global
	GlobalSection(SolutionConfigurationPlatforms) = preSolution
		Debug|Any CPU = Debug|Any CPU
		Release|Any CPU = Release|Any CPU
	EndGlobalSection
	GlobalSection(ProjectConfigurationPlatforms) = postSolution
		{9A8F40E2-9C5D-434B-878E-83B631A6C0B7}.Debug|Any CPU.ActiveCfg = Debug|Any CPU
		{9A8F40E2-9C5D-434B-878E-83B631A6C0B7}.Debug|Any CPU.Build.0 = Debug|Any CPU
		{9A8F40E2-9C5D-434B-878E-83B631A6C0B7}.Release|Any CPU.ActiveCfg = Release|Any CPU
		{9A8F40E2-9C5D-434B-878E-83B631A6C0B7}.Release|Any CPU.Build.0 = Release|Any CPU
		{4703144B-F20D-495A-AC7E-41565AFF7B79}.Debug|Any CPU.ActiveCfg = Debug|Any CPU
		{4703144B-F20D-495A-AC7E-41565AFF7B79}.Debug|Any CPU.Build.0 = Debug|Any CPU
		{4703144B-F20D-495A-AC7E-41565AFF7B79}.Release|Any CPU.ActiveCfg = Release|Any CPU
		{4703144B-F20D-495A-AC7E-41565AFF7B79}.Release|Any CPU.Build.0 = Release|Any CPU
		{909EA20C-1FA7-44E2-BDEB-A6500EDC8DB2}.Debug|Any CPU.ActiveCfg = Debug|Any CPU
		{909EA20C-1FA7-44E2-BDEB-A6500EDC8DB2}.Debug|Any CPU.Build.0 = Debug|Any CPU
		{909EA20C-1FA7-44E2-BDEB-A6500EDC8DB2}.Release|Any CPU.ActiveCfg = Release|Any CPU
		{909EA20C-1FA7-44E2-BDEB-A6500EDC8DB2}.Release|Any CPU.Build.0 = Release|Any CPU
		{DBFE36B6-98E3-4A4F-BA5F-DD3CBA3DEE10}.Debug|Any CPU.ActiveCfg = Debug|Any CPU
		{DBFE36B6-98E3-4A4F-BA5F-DD3CBA3DEE10}.Debug|Any CPU.Build.0 = Debug|Any CPU
		{DBFE36B6-98E3-4A4F-BA5F-DD3CBA3DEE10}.Release|Any CPU.ActiveCfg = Release|Any CPU
		{DBFE36B6-98E3-4A4F-BA5F-DD3CBA3DEE10}.Release|Any CPU.Build.0 = Release|Any CPU
		{5E535815-CFE4-49E4-A111-24F201E9EE23}.Debug|Any CPU.ActiveCfg = Debug|Any CPU
		{5E535815-CFE4-49E4-A111-24F201E9EE23}.Debug|Any CPU.Build.0 = Debug|Any CPU
		{5E535815-CFE4-49E4-A111-24F201E9EE23}.Release|Any CPU.ActiveCfg = Release|Any CPU
		{5E535815-CFE4-49E4-A111-24F201E9EE23}.Release|Any CPU.Build.0 = Release|Any CPU
		{C78ECAC7-A8B6-48DF-8247-AFB7DA3D4B44}.Debug|Any CPU.ActiveCfg = Debug|Any CPU
		{C78ECAC7-A8B6-48DF-8247-AFB7DA3D4B44}.Debug|Any CPU.Build.0 = Debug|Any CPU
		{C78ECAC7-A8B6-48DF-8247-AFB7DA3D4B44}.Release|Any CPU.ActiveCfg = Release|Any CPU
		{C78ECAC7-A8B6-48DF-8247-AFB7DA3D4B44}.Release|Any CPU.Build.0 = Release|Any CPU
		{FD2C9422-5A6B-4CF0-8D73-92B7521EEFA2}.Debug|Any CPU.ActiveCfg = Debug|Any CPU
		{FD2C9422-5A6B-4CF0-8D73-92B7521EEFA2}.Debug|Any CPU.Build.0 = Debug|Any CPU
		{FD2C9422-5A6B-4CF0-8D73-92B7521EEFA2}.Release|Any CPU.ActiveCfg = Release|Any CPU
		{FD2C9422-5A6B-4CF0-8D73-92B7521EEFA2}.Release|Any CPU.Build.0 = Release|Any CPU
		{D55597EE-9A69-4664-93A5-32454262ADC3}.Debug|Any CPU.ActiveCfg = Debug|Any CPU
		{D55597EE-9A69-4664-93A5-32454262ADC3}.Debug|Any CPU.Build.0 = Debug|Any CPU
		{D55597EE-9A69-4664-93A5-32454262ADC3}.Release|Any CPU.ActiveCfg = Release|Any CPU
		{D55597EE-9A69-4664-93A5-32454262ADC3}.Release|Any CPU.Build.0 = Release|Any CPU
	EndGlobalSection
	GlobalSection(SolutionProperties) = preSolution
		HideSolutionNode = FALSE
	EndGlobalSection
	GlobalSection(ExtensibilityGlobals) = postSolution
		SolutionGuid = {D508D16D-4E08-482E-91A2-3481F059F739}
	EndGlobalSection
EndGlobal
